<?xml version="1.0" encoding="utf-8"?>
<Project ToolsVersion="4.0" xmlns="http://schemas.microsoft.com/developer/msbuild/2003">
  <ItemGroup>
    <Filter Include="Archivos de origen">
      <UniqueIdentifier>{4FC737F1-C7A5-4376-A066-2A32D752A2FF}</UniqueIdentifier>
      <Extensions>cpp;c;cc;cxx;c++;cppm;ixx;def;odl;idl;hpj;bat;asm;asmx</Extensions>
    </Filter>
    <Filter Include="Archivos de encabezado">
      <UniqueIdentifier>{93995380-89BD-4b04-88EB-625FBE52EBFB}</UniqueIdentifier>
      <Extensions>h;hh;hpp;hxx;h++;hm;inl;inc;ipp;xsd</Extensions>
    </Filter>
    <Filter Include="Archivos de recursos">
      <UniqueIdentifier>{67DA6AB6-F800-4c08-8B7A-83BB121AAD01}</UniqueIdentifier>
      <Extensions>rc;ico;cur;bmp;dlg;rc2;rct;bin;rgs;gif;jpg;jpeg;jpe;resx;tiff;tif;png;wav;mfcribbon-ms</Extensions>
    </Filter>
  </ItemGroup>
  <ItemGroup>
    <ClInclude Include="framework.h">
      <Filter>Archivos de encabezado</Filter>
    </ClInclude>
    <ClInclude Include="targetver.h">
      <Filter>Archivos de encabezado</Filter>
    </ClInclude>
    <ClInclude Include="Resource.h">
      <Filter>Archivos de encabezado</Filter>
    </ClInclude>
    <ClInclude Include="winapi_app.h">
      <Filter>Archivos de encabezado</Filter>
    </ClInclude>
  </ItemGroup>
  <ItemGroup>
    <ClCompile Include="winapi_app.cpp">
      <Filter>Archivos de origen</Filter>
    </ClCompile>
  </ItemGroup>
  <ItemGroup>
    <ResourceCompile Include="winapi_app.rc">
      <Filter>Archivos de recursos</Filter>
    </ResourceCompile>
  </ItemGroup>
  <ItemGroup>
    <Image Include="small.ico">
      <Filter>Archivos de recursos</Filter>
    </Image>
    <Image Include="winapi_app.ico">
      <Filter>Archivos de recursos</Filter>
    </Image>
  </ItemGroup>
  <ItemGroup>
    <Manifest Include="winapi_app.exe.Manifest">
      <Filter>Archivos de origen</Filter>
    </Manifest>
  </ItemGroup>
  <ItemGroup>
    <Library Include="libmysql.lib" />
    <Library Include="mysqlcppconn.lib" />
  </ItemGroup>
  <ItemGroup>
    <None Include="C:\Users\ferni\Desktop\vcruntime140.dll">
      <Filter>Archivos de origen</Filter>
    </None>
    <None Include="C:\Users\ferni\Desktop\msvcp140d.dll">
      <Filter>Archivos de origen</Filter>
    </None>
    <None Include="C:\Users\ferni\Desktop\ucrtbased.dll">
      <Filter>Archivos de origen</Filter>
    </None>
  </ItemGroup>
</Project>